
Microsoft Visual Studio Solution File, Format Version 12.00
# Visual Studio Version 17
VisualStudioVersion = 17.9.34728.123
MinimumVisualStudioVersion = 10.0.40219.1
Project("{FAE04EC0-301F-11D3-BF4B-00C04F79EFBC}") = "Eventubi.Api", "Eventubi.Api\Eventubi.Api.csproj", "{23363B41-EFDA-40D3-ADFA-B1076061B820}"
EndProject
Global
	GlobalSection(SolutionConfigurationPlatforms) = preSolution
		Debug|Any CPU = Debug|Any CPU
		Release|Any CPU = Release|Any CPU
	EndGlobalSection
	GlobalSection(ProjectConfigurationPlatforms) = postSolution
		{23363B41-EFDA-40D3-ADFA-B1076061B820}.Debug|Any CPU.ActiveCfg = Debug|Any CPU
		{23363B41-EFDA-40D3-ADFA-B1076061B820}.Debug|Any CPU.Build.0 = Debug|Any CPU
		{23363B41-EFDA-40D3-ADFA-B1076061B820}.Release|Any CPU.ActiveCfg = Release|Any CPU
		{23363B41-EFDA-40D3-ADFA-B1076061B820}.Release|Any CPU.Build.0 = Release|Any CPU
	EndGlobalSection
	GlobalSection(SolutionProperties) = preSolution
		HideSolutionNode = FALSE
	EndGlobalSection
	GlobalSection(ExtensibilityGlobals) = postSolution
		SolutionGuid = {6ED03816-4B46-40D5-8C2F-AB638A5B4903}
	EndGlobalSection
EndGlobal
